// !$*UTF8*$!
{
	archiveVersion = 1;
	classes = {
	};
	objectVersion = 56;
	objects = {

/* Begin PBXBuildFile section */
		AF2B1E442BB1E21B00257604 /* SmartChildPlannerApp.swift in Sources */ = {isa = PBXBuildFile; fileRef = AF2B1E432BB1E21B00257604 /* SmartChildPlannerApp.swift */; };
		AF2B1E462BB1E21B00257604 /* ContentView.swift in Sources */ = {isa = PBXBuildFile; fileRef = AF2B1E452BB1E21B00257604 /* ContentView.swift */; };
		AF2B1E482BB1E21D00257604 /* Assets.xcassets in Resources */ = {isa = PBXBuildFile; fileRef = AF2B1E472BB1E21D00257604 /* Assets.xcassets */; };
		AF2B1E4C2BB1E21D00257604 /* Preview Assets.xcassets in Resources */ = {isa = PBXBuildFile; fileRef = AF2B1E4B2BB1E21D00257604 /* Preview Assets.xcassets */; };
		AF2B1E562BB1E21E00257604 /* SmartChildPlannerTests.swift in Sources */ = {isa = PBXBuildFile; fileRef = AF2B1E552BB1E21E00257604 /* SmartChildPlannerTests.swift */; };
		AF2B1E602BB1E21E00257604 /* SmartChildPlannerUITests.swift in Sources */ = {isa = PBXBuildFile; fileRef = AF2B1E5F2BB1E21E00257604 /* SmartChildPlannerUITests.swift */; };
		AF2B1E622BB1E21E00257604 /* SmartChildPlannerUITestsLaunchTests.swift in Sources */ = {isa = PBXBuildFile; fileRef = AF2B1E612BB1E21E00257604 /* SmartChildPlannerUITestsLaunchTests.swift */; };
/* End PBXBuildFile section */

/* Begin PBXContainerItemProxy section */
		AF2B1E522BB1E21E00257604 /* PBXContainerItemProxy */ = {
			isa = PBXContainerItemProxy;
			containerPortal = AF2B1E382BB1E21B00257604 /* Project object */;
			proxyType = 1;
			remoteGlobalIDString = AF2B1E3F2BB1E21B00257604;
			remoteInfo = SmartChildPlanner;
		};
		AF2B1E5C2BB1E21E00257604 /* PBXContainerItemProxy */ = {
			isa = PBXContainerItemProxy;
			containerPortal = AF2B1E382BB1E21B00257604 /* Project object */;
			proxyType = 1;
			remoteGlobalIDString = AF2B1E3F2BB1E21B00257604;
			remoteInfo = SmartChildPlanner;
		};
/* End PBXContainerItemProxy section */

/* Begin PBXFileReference section */
		AF2B1E402BB1E21B00257604 /* SmartChildPlanner.app */ = {isa = PBXFileReference; explicitFileType = wrapper.application; includeInIndex = 0; path = SmartChildPlanner.app; sourceTree = BUILT_PRODUCTS_DIR; };
		AF2B1E432BB1E21B00257604 /* SmartChildPlannerApp.swift */ = {isa = PBXFileReference; lastKnownFileType = sourcecode.swift; path = SmartChildPlannerApp.swift; sourceTree = "<group>"; };
		AF2B1E452BB1E21B00257604 /* ContentView.swift */ = {isa = PBXFileReference; lastKnownFileType = sourcecode.swift; path = ContentView.swift; sourceTree = "<group>"; };
		AF2B1E472BB1E21D00257604 /* Assets.xcassets */ = {isa = PBXFileReference; lastKnownFileType = folder.assetcatalog; path = Assets.xcassets; sourceTree = "<group>"; };
		AF2B1E492BB1E21D00257604 /* SmartChildPlanner.entitlements */ = {isa = PBXFileReference; lastKnownFileType = text.plist.entitlements; path = SmartChildPlanner.entitlements; sourceTree = "<group>"; };
		AF2B1E4B2BB1E21D00257604 /* Preview Assets.xcassets */ = {isa = PBXFileReference; lastKnownFileType = folder.assetcatalog; path = "Preview Assets.xcassets"; sourceTree = "<group>"; };
		AF2B1E512BB1E21E00257604 /* SmartChildPlannerTests.xctest */ = {isa = PBXFileReference; explicitFileType = wrapper.cfbundle; includeInIndex = 0; path = SmartChildPlannerTests.xctest; sourceTree = BUILT_PRODUCTS_DIR; };
		AF2B1E552BB1E21E00257604 /* SmartChildPlannerTests.swift */ = {isa = PBXFileReference; lastKnownFileType = sourcecode.swift; path = SmartChildPlannerTests.swift; sourceTree = "<group>"; };
		AF2B1E5B2BB1E21E00257604 /* SmartChildPlannerUITests.xctest */ = {isa = PBXFileReference; explicitFileType = wrapper.cfbundle; includeInIndex = 0; path = SmartChildPlannerUITests.xctest; sourceTree = BUILT_PRODUCTS_DIR; };
		AF2B1E5F2BB1E21E00257604 /* SmartChildPlannerUITests.swift */ = {isa = PBXFileReference; lastKnownFileType = sourcecode.swift; path = SmartChildPlannerUITests.swift; sourceTree = "<group>"; };
		AF2B1E612BB1E21E00257604 /* SmartChildPlannerUITestsLaunchTests.swift */ = {isa = PBXFileReference; lastKnownFileType = sourcecode.swift; path = SmartChildPlannerUITestsLaunchTests.swift; sourceTree = "<group>"; };
/* End PBXFileReference section */

/* Begin PBXFrameworksBuildPhase section */
		AF2B1E3D2BB1E21B00257604 /* Frameworks */ = {
			isa = PBXFrameworksBuildPhase;
			buildActionMask = 2147483647;
			files = (
			);
			runOnlyForDeploymentPostprocessing = 0;
		};
		AF2B1E4E2BB1E21E00257604 /* Frameworks */ = {
			isa = PBXFrameworksBuildPhase;
			buildActionMask = 2147483647;
			files = (
			);
			runOnlyForDeploymentPostprocessing = 0;
		};
		AF2B1E582BB1E21E00257604 /* Frameworks */ = {
			isa = PBXFrameworksBuildPhase;
			buildActionMask = 2147483647;
			files = (
			);
			runOnlyForDeploymentPostprocessing = 0;
		};
/* End PBXFrameworksBuildPhase section */

/* Begin PBXGroup section */
		AF2B1E372BB1E21B00257604 = {
			isa = PBXGroup;
			children = (
				AF2B1E422BB1E21B00257604 /* SmartChildPlanner */,
				AF2B1E542BB1E21E00257604 /* SmartChildPlannerTests */,
				AF2B1E5E2BB1E21E00257604 /* SmartChildPlannerUITests */,
				AF2B1E412BB1E21B00257604 /* Products */,
			);
			sourceTree = "<group>";
		};
		AF2B1E412BB1E21B00257604 /* Products */ = {
			isa = PBXGroup;
			children = (
				AF2B1E402BB1E21B00257604 /* SmartChildPlanner.app */,
				AF2B1E512BB1E21E00257604 /* SmartChildPlannerTests.xctest */,
				AF2B1E5B2BB1E21E00257604 /* SmartChildPlannerUITests.xctest */,
			);
			name = Products;
			sourceTree = "<group>";
		};
		AF2B1E422BB1E21B00257604 /* SmartChildPlanner */ = {
			isa = PBXGroup;
			children = (
				AF2B1E432BB1E21B00257604 /* SmartChildPlannerApp.swift */,
				AF2B1E452BB1E21B00257604 /* ContentView.swift */,
				AF2B1E472BB1E21D00257604 /* Assets.xcassets */,
				AF2B1E492BB1E21D00257604 /* SmartChildPlanner.entitlements */,
				AF2B1E4A2BB1E21D00257604 /* Preview Content */,
			);
			path = SmartChildPlanner;
			sourceTree = "<group>";
		};
		AF2B1E4A2BB1E21D00257604 /* Preview Content */ = {
			isa = PBXGroup;
			children = (
				AF2B1E4B2BB1E21D00257604 /* Preview Assets.xcassets */,
			);
			path = "Preview Content";
			sourceTree = "<group>";
		};
		AF2B1E542BB1E21E00257604 /* SmartChildPlannerTests */ = {
			isa = PBXGroup;
			children = (
				AF2B1E552BB1E21E00257604 /* SmartChildPlannerTests.swift */,
			);
			path = SmartChildPlannerTests;
			sourceTree = "<group>";
		};
		AF2B1E5E2BB1E21E00257604 /* SmartChildPlannerUITests */ = {
			isa = PBXGroup;
			children = (
				AF2B1E5F2BB1E21E00257604 /* SmartChildPlannerUITests.swift */,
				AF2B1E612BB1E21E00257604 /* SmartChildPlannerUITestsLaunchTests.swift */,
			);
			path = SmartChildPlannerUITests;
			sourceTree = "<group>";
		};
/* End PBXGroup section */

/* Begin PBXNativeTarget section */
		AF2B1E3F2BB1E21B00257604 /* SmartChildPlanner */ = {
			isa = PBXNativeTarget;
			buildConfigurationList = AF2B1E652BB1E21E00257604 /* Build configuration list for PBXNativeTarget "SmartChildPlanner" */;
			buildPhases = (
				AF2B1E3C2BB1E21B00257604 /* Sources */,
				AF2B1E3D2BB1E21B00257604 /* Frameworks */,
				AF2B1E3E2BB1E21B00257604 /* Resources */,
			);
			buildRules = (
			);
			dependencies = (
			);
			name = SmartChildPlanner;
			productName = SmartChildPlanner;
			productReference = AF2B1E402BB1E21B00257604 /* SmartChildPlanner.app */;
			productType = "com.apple.product-type.application";
		};
		AF2B1E502BB1E21E00257604 /* SmartChildPlannerTests */ = {
			isa = PBXNativeTarget;
			buildConfigurationList = AF2B1E682BB1E21E00257604 /* Build configuration list for PBXNativeTarget "SmartChildPlannerTests" */;
			buildPhases = (
				AF2B1E4D2BB1E21E00257604 /* Sources */,
				AF2B1E4E2BB1E21E00257604 /* Frameworks */,
				AF2B1E4F2BB1E21E00257604 /* Resources */,
			);
			buildRules = (
			);
			dependencies = (
				AF2B1E532BB1E21E00257604 /* PBXTargetDependency */,
			);
			name = SmartChildPlannerTests;
			productName = SmartChildPlannerTests;
			productReference = AF2B1E512BB1E21E00257604 /* SmartChildPlannerTests.xctest */;
			productType = "com.apple.product-type.bundle.unit-test";
		};
		AF2B1E5A2BB1E21E00257604 /* SmartChildPlannerUITests */ = {
			isa = PBXNativeTarget;
			buildConfigurationList = AF2B1E6B2BB1E21E00257604 /* Build configuration list for PBXNativeTarget "SmartChildPlannerUITests" */;
			buildPhases = (
				AF2B1E572BB1E21E00257604 /* Sources */,
				AF2B1E582BB1E21E00257604 /* Frameworks */,
				AF2B1E592BB1E21E00257604 /* Resources */,
			);
			buildRules = (
			);
			dependencies = (
				AF2B1E5D2BB1E21E00257604 /* PBXTargetDependency */,
			);
			name = SmartChildPlannerUITests;
			productName = SmartChildPlannerUITests;
			productReference = AF2B1E5B2BB1E21E00257604 /* SmartChildPlannerUITests.xctest */;
			productType = "com.apple.product-type.bundle.ui-testing";
		};
/* End PBXNativeTarget section */

/* Begin PBXProject section */
		AF2B1E382BB1E21B00257604 /* Project object */ = {
			isa = PBXProject;
			attributes = {
				BuildIndependentTargetsInParallel = 1;
				LastSwiftUpdateCheck = 1520;
				LastUpgradeCheck = 1520;
				TargetAttributes = {
					AF2B1E3F2BB1E21B00257604 = {
						CreatedOnToolsVersion = 15.2;
					};
					AF2B1E502BB1E21E00257604 = {
						CreatedOnToolsVersion = 15.2;
						TestTargetID = AF2B1E3F2BB1E21B00257604;
					};
					AF2B1E5A2BB1E21E00257604 = {
						CreatedOnToolsVersion = 15.2;
						TestTargetID = AF2B1E3F2BB1E21B00257604;
					};
				};
			};
			buildConfigurationList = AF2B1E3B2BB1E21B00257604 /* Build configuration list for PBXProject "SmartChildPlanner" */;
			compatibilityVersion = "Xcode 14.0";
			developmentRegion = en;
			hasScannedForEncodings = 0;
			knownRegions = (
				en,
				Base,
			);
			mainGroup = AF2B1E372BB1E21B00257604;
			productRefGroup = AF2B1E412BB1E21B00257604 /* Products */;
			projectDirPath = "";
			projectRoot = "";
			targets = (
				AF2B1E3F2BB1E21B00257604 /* SmartChildPlanner */,
				AF2B1E502BB1E21E00257604 /* SmartChildPlannerTests */,
				AF2B1E5A2BB1E21E00257604 /* SmartChildPlannerUITests */,
			);
		};
/* End PBXProject section */

/* Begin PBXResourcesBuildPhase section */
		AF2B1E3E2BB1E21B00257604 /* Resources */ = {
			isa = PBXResourcesBuildPhase;
			buildActionMask = 2147483647;
			files = (
				AF2B1E4C2BB1E21D00257604 /* Preview Assets.xcassets in Resources */,
				AF2B1E482BB1E21D00257604 /* Assets.xcassets in Resources */,
			);
			runOnlyForDeploymentPostprocessing = 0;
		};
		AF2B1E4F2BB1E21E00257604 /* Resources */ = {
			isa = PBXResourcesBuildPhase;
			buildActionMask = 2147483647;
			files = (
			);
			runOnlyForDeploymentPostprocessing = 0;
		};
		AF2B1E592BB1E21E00257604 /* Resources */ = {
			isa = PBXResourcesBuildPhase;
			buildActionMask = 2147483647;
			files = (
			);
			runOnlyForDeploymentPostprocessing = 0;
		};
/* End PBXResourcesBuildPhase section */

/* Begin PBXSourcesBuildPhase section */
		AF2B1E3C2BB1E21B00257604 /* Sources */ = {
			isa = PBXSourcesBuildPhase;
			buildActionMask = 2147483647;
			files = (
				AF2B1E462BB1E21B00257604 /* ContentView.swift in Sources */,
				AF2B1E442BB1E21B00257604 /* SmartChildPlannerApp.swift in Sources */,
			);
			runOnlyForDeploymentPostprocessing = 0;
		};
		AF2B1E4D2BB1E21E00257604 /* Sources */ = {
			isa = PBXSourcesBuildPhase;
			buildActionMask = 2147483647;
			files = (
				AF2B1E562BB1E21E00257604 /* SmartChildPlannerTests.swift in Sources */,
			);
			runOnlyForDeploymentPostprocessing = 0;
		};
		AF2B1E572BB1E21E00257604 /* Sources */ = {
			isa = PBXSourcesBuildPhase;
			buildActionMask = 2147483647;
			files = (
				AF2B1E622BB1E21E00257604 /* SmartChildPlannerUITestsLaunchTests.swift in Sources */,
				AF2B1E602BB1E21E00257604 /* SmartChildPlannerUITests.swift in Sources */,
			);
			runOnlyForDeploymentPostprocessing = 0;
		};
/* End PBXSourcesBuildPhase section */

/* Begin PBXTargetDependency section */
		AF2B1E532BB1E21E00257604 /* PBXTargetDependency */ = {
			isa = PBXTargetDependency;
			target = AF2B1E3F2BB1E21B00257604 /* SmartChildPlanner */;
			targetProxy = AF2B1E522BB1E21E00257604 /* PBXContainerItemProxy */;
		};
		AF2B1E5D2BB1E21E00257604 /* PBXTargetDependency */ = {
			isa = PBXTargetDependency;
			target = AF2B1E3F2BB1E21B00257604 /* SmartChildPlanner */;
			targetProxy = AF2B1E5C2BB1E21E00257604 /* PBXContainerItemProxy */;
		};
/* End PBXTargetDependency section */

/* Begin XCBuildConfiguration section */
		AF2B1E632BB1E21E00257604 /* Debug */ = {
			isa = XCBuildConfiguration;
			buildSettings = {
				ALWAYS_SEARCH_USER_PATHS = NO;
				ASSETCATALOG_COMPILER_GENERATE_SWIFT_ASSET_SYMBOL_EXTENSIONS = YES;
				CLANG_ANALYZER_NONNULL = YES;
				CLANG_ANALYZER_NUMBER_OBJECT_CONVERSION = YES_AGGRESSIVE;
				CLANG_CXX_LANGUAGE_STANDARD = "gnu++20";
				CLANG_ENABLE_MODULES = YES;
				CLANG_ENABLE_OBJC_ARC = YES;
				CLANG_ENABLE_OBJC_WEAK = YES;
				CLANG_WARN_BLOCK_CAPTURE_AUTORELEASING = YES;
				CLANG_WARN_BOOL_CONVERSION = YES;
				CLANG_WARN_COMMA = YES;
				CLANG_WARN_CONSTANT_CONVERSION = YES;
				CLANG_WARN_DEPRECATED_OBJC_IMPLEMENTATIONS = YES;
				CLANG_WARN_DIRECT_OBJC_ISA_USAGE = YES_ERROR;
				CLANG_WARN_DOCUMENTATION_COMMENTS = YES;
				CLANG_WARN_EMPTY_BODY = YES;
				CLANG_WARN_ENUM_CONVERSION = YES;
				CLANG_WARN_INFINITE_RECURSION = YES;
				CLANG_WARN_INT_CONVERSION = YES;
				CLANG_WARN_NON_LITERAL_NULL_CONVERSION = YES;
				CLANG_WARN_OBJC_IMPLICIT_RETAIN_SELF = YES;
				CLANG_WARN_OBJC_LITERAL_CONVERSION = YES;
				CLANG_WARN_OBJC_ROOT_CLASS = YES_ERROR;
				CLANG_WARN_QUOTED_INCLUDE_IN_FRAMEWORK_HEADER = YES;
				CLANG_WARN_RANGE_LOOP_ANALYSIS = YES;
				CLANG_WARN_STRICT_PROTOTYPES = YES;
				CLANG_WARN_SUSPICIOUS_MOVE = YES;
				CLANG_WARN_UNGUARDED_AVAILABILITY = YES_AGGRESSIVE;
				CLANG_WARN_UNREACHABLE_CODE = YES;
				CLANG_WARN__DUPLICATE_METHOD_MATCH = YES;
				COPY_PHASE_STRIP = NO;
				DEBUG_INFORMATION_FORMAT = dwarf;
				ENABLE_STRICT_OBJC_MSGSEND = YES;
				ENABLE_TESTABILITY = YES;
				ENABLE_USER_SCRIPT_SANDBOXING = YES;
				GCC_C_LANGUAGE_STANDARD = gnu17;
				GCC_DYNAMIC_NO_PIC = NO;
				GCC_NO_COMMON_BLOCKS = YES;
				GCC_OPTIMIZATION_LEVEL = 0;
				GCC_PREPROCESSOR_DEFINITIONS = (
					"DEBUG=1",
					"$(inherited)",
				);
				GCC_WARN_64_TO_32_BIT_CONVERSION = YES;
				GCC_WARN_ABOUT_RETURN_TYPE = YES_ERROR;
				GCC_WARN_UNDECLARED_SELECTOR = YES;
				GCC_WARN_UNINITIALIZED_AUTOS = YES_AGGRESSIVE;
				GCC_WARN_UNUSED_FUNCTION = YES;
				GCC_WARN_UNUSED_VARIABLE = YES;
				LOCALIZATION_PREFERS_STRING_CATALOGS = YES;
				MTL_ENABLE_DEBUG_INFO = INCLUDE_SOURCE;
				MTL_FAST_MATH = YES;
				ONLY_ACTIVE_ARCH = YES;
				SWIFT_ACTIVE_COMPILATION_CONDITIONS = "DEBUG $(inherited)";
				SWIFT_OPTIMIZATION_LEVEL = "-Onone";
			};
			name = Debug;
		};
		AF2B1E642BB1E21E00257604 /* Release */ = {
			isa = XCBuildConfiguration;
			buildSettings = {
				ALWAYS_SEARCH_USER_PATHS = NO;
				ASSETCATALOG_COMPILER_GENERATE_SWIFT_ASSET_SYMBOL_EXTENSIONS = YES;
				CLANG_ANALYZER_NONNULL = YES;
				CLANG_ANALYZER_NUMBER_OBJECT_CONVERSION = YES_AGGRESSIVE;
				CLANG_CXX_LANGUAGE_STANDARD = "gnu++20";
				CLANG_ENABLE_MODULES = YES;
				CLANG_ENABLE_OBJC_ARC = YES;
				CLANG_ENABLE_OBJC_WEAK = YES;
				CLANG_WARN_BLOCK_CAPTURE_AUTORELEASING = YES;
				CLANG_WARN_BOOL_CONVERSION = YES;
				CLANG_WARN_COMMA = YES;
				CLANG_WARN_CONSTANT_CONVERSION = YES;
				CLANG_WARN_DEPRECATED_OBJC_IMPLEMENTATIONS = YES;
				CLANG_WARN_DIRECT_OBJC_ISA_USAGE = YES_ERROR;
				CLANG_WARN_DOCUMENTATION_COMMENTS = YES;
				CLANG_WARN_EMPTY_BODY = YES;
				CLANG_WARN_ENUM_CONVERSION = YES;
				CLANG_WARN_INFINITE_RECURSION = YES;
				CLANG_WARN_INT_CONVERSION = YES;
				CLANG_WARN_NON_LITERAL_NULL_CONVERSION = YES;
				CLANG_WARN_OBJC_IMPLICIT_RETAIN_SELF = YES;
				CLANG_WARN_OBJC_LITERAL_CONVERSION = YES;
				CLANG_WARN_OBJC_ROOT_CLASS = YES_ERROR;
				CLANG_WARN_QUOTED_INCLUDE_IN_FRAMEWORK_HEADER = YES;
				CLANG_WARN_RANGE_LOOP_ANALYSIS = YES;
				CLANG_WARN_STRICT_PROTOTYPES = YES;
				CLANG_WARN_SUSPICIOUS_MOVE = YES;
				CLANG_WARN_UNGUARDED_AVAILABILITY = YES_AGGRESSIVE;
				CLANG_WARN_UNREACHABLE_CODE = YES;
				CLANG_WARN__DUPLICATE_METHOD_MATCH = YES;
				COPY_PHASE_STRIP = NO;
				DEBUG_INFORMATION_FORMAT = "dwarf-with-dsym";
				ENABLE_NS_ASSERTIONS = NO;
				ENABLE_STRICT_OBJC_MSGSEND = YES;
				ENABLE_USER_SCRIPT_SANDBOXING = YES;
				GCC_C_LANGUAGE_STANDARD = gnu17;
				GCC_NO_COMMON_BLOCKS = YES;
				GCC_WARN_64_TO_32_BIT_CONVERSION = YES;
				GCC_WARN_ABOUT_RETURN_TYPE = YES_ERROR;
				GCC_WARN_UNDECLARED_SELECTOR = YES;
				GCC_WARN_UNINITIALIZED_AUTOS = YES_AGGRESSIVE;
				GCC_WARN_UNUSED_FUNCTION = YES;
				GCC_WARN_UNUSED_VARIABLE = YES;
				LOCALIZATION_PREFERS_STRING_CATALOGS = YES;
				MTL_ENABLE_DEBUG_INFO = NO;
				MTL_FAST_MATH = YES;
				SWIFT_COMPILATION_MODE = wholemodule;
			};
			name = Release;
		};
		AF2B1E662BB1E21E00257604 /* Debug */ = {
			isa = XCBuildConfiguration;
			buildSettings = {
				ASSETCATALOG_COMPILER_APPICON_NAME = AppIcon;
				ASSETCATALOG_COMPILER_GLOBAL_ACCENT_COLOR_NAME = AccentColor;
				CODE_SIGN_ENTITLEMENTS = SmartChildPlanner/SmartChildPlanner.entitlements;
				CODE_SIGN_STYLE = Automatic;
				CURRENT_PROJECT_VERSION = 1;
				DEVELOPMENT_ASSET_PATHS = "\"SmartChildPlanner/Preview Content\"";
				DEVELOPMENT_TEAM = JJJUWVLSWZ;
				ENABLE_HARDENED_RUNTIME = YES;
				ENABLE_PREVIEWS = YES;
				GENERATE_INFOPLIST_FILE = YES;
				"INFOPLIST_KEY_UIApplicationSceneManifest_Generation[sdk=iphoneos*]" = YES;
				"INFOPLIST_KEY_UIApplicationSceneManifest_Generation[sdk=iphonesimulator*]" = YES;
				"INFOPLIST_KEY_UIApplicationSupportsIndirectInputEvents[sdk=iphoneos*]" = YES;
				"INFOPLIST_KEY_UIApplicationSupportsIndirectInputEvents[sdk=iphonesimulator*]" = YES;
				"INFOPLIST_KEY_UILaunchScreen_Generation[sdk=iphoneos*]" = YES;
				"INFOPLIST_KEY_UILaunchScreen_Generation[sdk=iphonesimulator*]" = YES;
				"INFOPLIST_KEY_UIStatusBarStyle[sdk=iphoneos*]" = UIStatusBarStyleDefault;
				"INFOPLIST_KEY_UIStatusBarStyle[sdk=iphonesimulator*]" = UIStatusBarStyleDefault;
				INFOPLIST_KEY_UISupportedInterfaceOrientations_iPad = "UIInterfaceOrientationPortrait UIInterfaceOrientationPortraitUpsideDown UIInterfaceOrientationLandscapeLeft UIInterfaceOrientationLandscapeRight";
				INFOPLIST_KEY_UISupportedInterfaceOrientations_iPhone = "UIInterfaceOrientationPortrait UIInterfaceOrientationLandscapeLeft UIInterfaceOrientationLandscapeRight";
				IPHONEOS_DEPLOYMENT_TARGET = 17.2;
				LD_RUNPATH_SEARCH_PATHS = "@executable_path/Frameworks";
				"LD_RUNPATH_SEARCH_PATHS[sdk=macosx*]" = "@executable_path/../Frameworks";
				MACOSX_DEPLOYMENT_TARGET = 14.2;
				MARKETING_VERSION = 1.0;
				PRODUCT_BUNDLE_IDENTIFIER = com.redmentor.SmartChildPlanner;
				PRODUCT_NAME = "$(TARGET_NAME)";
				SDKROOT = auto;
				SUPPORTED_PLATFORMS = "iphoneos iphonesimulator macosx";
				SWIFT_EMIT_LOC_STRINGS = YES;
				SWIFT_VERSION = 5.0;
				TARGETED_DEVICE_FAMILY = "1,2";
			};
			name = Debug;
		};
		AF2B1E672BB1E21E00257604 /* Release */ = {
			isa = XCBuildConfiguration;
			buildSettings = {
				ASSETCATALOG_COMPILER_APPICON_NAME = AppIcon;
				ASSETCATALOG_COMPILER_GLOBAL_ACCENT_COLOR_NAME = AccentColor;
				CODE_SIGN_ENTITLEMENTS = SmartChildPlanner/SmartChildPlanner.entitlements;
				CODE_SIGN_STYLE = Automatic;
				CURRENT_PROJECT_VERSION = 1;
				DEVELOPMENT_ASSET_PATHS = "\"SmartChildPlanner/Preview Content\"";
				DEVELOPMENT_TEAM = JJJUWVLSWZ;
				ENABLE_HARDENED_RUNTIME = YES;
				ENABLE_PREVIEWS = YES;
				GENERATE_INFOPLIST_FILE = YES;
				"INFOPLIST_KEY_UIApplicationSceneManifest_Generation[sdk=iphoneos*]" = YES;
				"INFOPLIST_KEY_UIApplicationSceneManifest_Generation[sdk=iphonesimulator*]" = YES;
				"INFOPLIST_KEY_UIApplicationSupportsIndirectInputEvents[sdk=iphoneos*]" = YES;
				"INFOPLIST_KEY_UIApplicationSupportsIndirectInputEvents[sdk=iphonesimulator*]" = YES;
				"INFOPLIST_KEY_UILaunchScreen_Generation[sdk=iphoneos*]" = YES;
				"INFOPLIST_KEY_UILaunchScreen_Generation[sdk=iphonesimulator*]" = YES;
				"INFOPLIST_KEY_UIStatusBarStyle[sdk=iphoneos*]" = UIStatusBarStyleDefault;
				"INFOPLIST_KEY_UIStatusBarStyle[sdk=iphonesimulator*]" = UIStatusBarStyleDefault;
				INFOPLIST_KEY_UISupportedInterfaceOrientations_iPad = "UIInterfaceOrientationPortrait UIInterfaceOrientationPortraitUpsideDown UIInterfaceOrientationLandscapeLeft UIInterfaceOrientationLandscapeRight";
				INFOPLIST_KEY_UISupportedInterfaceOrientations_iPhone = "UIInterfaceOrientationPortrait UIInterfaceOrientationLandscapeLeft UIInterfaceOrientationLandscapeRight";
				IPHONEOS_DEPLOYMENT_TARGET = 17.2;
				LD_RUNPATH_SEARCH_PATHS = "@executable_path/Frameworks";
				"LD_RUNPATH_SEARCH_PATHS[sdk=macosx*]" = "@executable_path/../Frameworks";
				MACOSX_DEPLOYMENT_TARGET = 14.2;
				MARKETING_VERSION = 1.0;
				PRODUCT_BUNDLE_IDENTIFIER = com.redmentor.SmartChildPlanner;
				PRODUCT_NAME = "$(TARGET_NAME)";
				SDKROOT = auto;
				SUPPORTED_PLATFORMS = "iphoneos iphonesimulator macosx";
				SWIFT_EMIT_LOC_STRINGS = YES;
				SWIFT_VERSION = 5.0;
				TARGETED_DEVICE_FAMILY = "1,2";
			};
			name = Release;
		};
		AF2B1E692BB1E21E00257604 /* Debug */ = {
			isa = XCBuildConfiguration;
			buildSettings = {
				ALWAYS_EMBED_SWIFT_STANDARD_LIBRARIES = YES;
				BUNDLE_LOADER = "$(TEST_HOST)";
				CODE_SIGN_STYLE = Automatic;
				CURRENT_PROJECT_VERSION = 1;
				DEVELOPMENT_TEAM = JJJUWVLSWZ;
				GENERATE_INFOPLIST_FILE = YES;
				IPHONEOS_DEPLOYMENT_TARGET = 17.2;
				MACOSX_DEPLOYMENT_TARGET = 14.2;
				MARKETING_VERSION = 1.0;
				PRODUCT_BUNDLE_IDENTIFIER = com.redmentor.SmartChildPlannerTests;
				PRODUCT_NAME = "$(TARGET_NAME)";
				SDKROOT = auto;
				SUPPORTED_PLATFORMS = "iphoneos iphonesimulator macosx";
				SWIFT_EMIT_LOC_STRINGS = NO;
				SWIFT_VERSION = 5.0;
				TARGETED_DEVICE_FAMILY = "1,2";
				TEST_HOST = "$(BUILT_PRODUCTS_DIR)/SmartChildPlanner.app/$(BUNDLE_EXECUTABLE_FOLDER_PATH)/SmartChildPlanner";
			};
			name = Debug;
		};
		AF2B1E6A2BB1E21E00257604 /* Release */ = {
			isa = XCBuildConfiguration;
			buildSettings = {
				ALWAYS_EMBED_SWIFT_STANDARD_LIBRARIES = YES;
				BUNDLE_LOADER = "$(TEST_HOST)";
				CODE_SIGN_STYLE = Automatic;
				CURRENT_PROJECT_VERSION = 1;
				DEVELOPMENT_TEAM = JJJUWVLSWZ;
				GENERATE_INFOPLIST_FILE = YES;
				IPHONEOS_DEPLOYMENT_TARGET = 17.2;
				MACOSX_DEPLOYMENT_TARGET = 14.2;
				MARKETING_VERSION = 1.0;
				PRODUCT_BUNDLE_IDENTIFIER = com.redmentor.SmartChildPlannerTests;
				PRODUCT_NAME = "$(TARGET_NAME)";
				SDKROOT = auto;
				SUPPORTED_PLATFORMS = "iphoneos iphonesimulator macosx";
				SWIFT_EMIT_LOC_STRINGS = NO;
				SWIFT_VERSION = 5.0;
				TARGETED_DEVICE_FAMILY = "1,2";
				TEST_HOST = "$(BUILT_PRODUCTS_DIR)/SmartChildPlanner.app/$(BUNDLE_EXECUTABLE_FOLDER_PATH)/SmartChildPlanner";
			};
			name = Release;
		};
		AF2B1E6C2BB1E21E00257604 /* Debug */ = {
			isa = XCBuildConfiguration;
			buildSettings = {
				ALWAYS_EMBED_SWIFT_STANDARD_LIBRARIES = YES;
				CODE_SIGN_STYLE = Automatic;
				CURRENT_PROJECT_VERSION = 1;
				DEVELOPMENT_TEAM = JJJUWVLSWZ;
				GENERATE_INFOPLIST_FILE = YES;
				IPHONEOS_DEPLOYMENT_TARGET = 17.2;
				MACOSX_DEPLOYMENT_TARGET = 14.2;
				MARKETING_VERSION = 1.0;
				PRODUCT_BUNDLE_IDENTIFIER = com.redmentor.SmartChildPlannerUITests;
				PRODUCT_NAME = "$(TARGET_NAME)";
				SDKROOT = auto;
				SUPPORTED_PLATFORMS = "iphoneos iphonesimulator macosx";
				SWIFT_EMIT_LOC_STRINGS = NO;
				SWIFT_VERSION = 5.0;
				TARGETED_DEVICE_FAMILY = "1,2";
				TEST_TARGET_NAME = SmartChildPlanner;
			};
			name = Debug;
		};
		AF2B1E6D2BB1E21E00257604 /* Release */ = {
			isa = XCBuildConfiguration;
			buildSettings = {
				ALWAYS_EMBED_SWIFT_STANDARD_LIBRARIES = YES;
				CODE_SIGN_STYLE = Automatic;
				CURRENT_PROJECT_VERSION = 1;
				DEVELOPMENT_TEAM = JJJUWVLSWZ;
				GENERATE_INFOPLIST_FILE = YES;
				IPHONEOS_DEPLOYMENT_TARGET = 17.2;
				MACOSX_DEPLOYMENT_TARGET = 14.2;
				MARKETING_VERSION = 1.0;
				PRODUCT_BUNDLE_IDENTIFIER = com.redmentor.SmartChildPlannerUITests;
				PRODUCT_NAME = "$(TARGET_NAME)";
				SDKROOT = auto;
				SUPPORTED_PLATFORMS = "iphoneos iphonesimulator macosx";
				SWIFT_EMIT_LOC_STRINGS = NO;
				SWIFT_VERSION = 5.0;
				TARGETED_DEVICE_FAMILY = "1,2";
				TEST_TARGET_NAME = SmartChildPlanner;
			};
			name = Release;
		};
/* End XCBuildConfiguration section */

/* Begin XCConfigurationList section */
		AF2B1E3B2BB1E21B00257604 /* Build configuration list for PBXProject "SmartChildPlanner" */ = {
			isa = XCConfigurationList;
			buildConfigurations = (
				AF2B1E632BB1E21E00257604 /* Debug */,
				AF2B1E642BB1E21E00257604 /* Release */,
			);
			defaultConfigurationIsVisible = 0;
			defaultConfigurationName = Release;
		};
		AF2B1E652BB1E21E00257604 /* Build configuration list for PBXNativeTarget "SmartChildPlanner" */ = {
			isa = XCConfigurationList;
			buildConfigurations = (
				AF2B1E662BB1E21E00257604 /* Debug */,
				AF2B1E672BB1E21E00257604 /* Release */,
			);
			defaultConfigurationIsVisible = 0;
			defaultConfigurationName = Release;
		};
		AF2B1E682BB1E21E00257604 /* Build configuration list for PBXNativeTarget "SmartChildPlannerTests" */ = {
			isa = XCConfigurationList;
			buildConfigurations = (
				AF2B1E692BB1E21E00257604 /* Debug */,
				AF2B1E6A2BB1E21E00257604 /* Release */,
			);
			defaultConfigurationIsVisible = 0;
			defaultConfigurationName = Release;
		};
		AF2B1E6B2BB1E21E00257604 /* Build configuration list for PBXNativeTarget "SmartChildPlannerUITests" */ = {
			isa = XCConfigurationList;
			buildConfigurations = (
				AF2B1E6C2BB1E21E00257604 /* Debug */,
				AF2B1E6D2BB1E21E00257604 /* Release */,
			);
			defaultConfigurationIsVisible = 0;
			defaultConfigurationName = Release;
		};
/* End XCConfigurationList section */
	};
	rootObject = AF2B1E382BB1E21B00257604 /* Project object */;
}
